
Microsoft Visual Studio Solution File, Format Version 12.00
# Visual Studio 15
VisualStudioVersion = 15.0.28010.2041
MinimumVisualStudioVersion = 10.0.40219.1
Project("{FAE04EC0-301F-11D3-BF4B-00C04F79EFBC}") = "MyBank", "MyBank\MyBank.csproj", "{FCE9C44A-E5E2-4DEE-87F1-23928C01AB7A}"
EndProject
Global
	GlobalSection(SolutionConfigurationPlatforms) = preSolution
		Debug|Any CPU = Debug|Any CPU
		Release|Any CPU = Release|Any CPU
	EndGlobalSection
	GlobalSection(ProjectConfigurationPlatforms) = postSolution
		{FCE9C44A-E5E2-4DEE-87F1-23928C01AB7A}.Debug|Any CPU.ActiveCfg = Debug|Any CPU
		{FCE9C44A-E5E2-4DEE-87F1-23928C01AB7A}.Debug|Any CPU.Build.0 = Debug|Any CPU
		{FCE9C44A-E5E2-4DEE-87F1-23928C01AB7A}.Release|Any CPU.ActiveCfg = Release|Any CPU
		{FCE9C44A-E5E2-4DEE-87F1-23928C01AB7A}.Release|Any CPU.Build.0 = Release|Any CPU
	EndGlobalSection
	GlobalSection(SolutionProperties) = preSolution
		HideSolutionNode = FALSE
	EndGlobalSection
	GlobalSection(ExtensibilityGlobals) = postSolution
		SolutionGuid = {08084300-BD38-4A27-965C-A0DFF996B563}
	EndGlobalSection
EndGlobal
